# THIS IS AN AUTOGENERATED FILE. DO NOT EDIT THIS FILE DIRECTLY.
# yarn lockfile v1


hex-color-regex@^1.1.0:
  version "1.1.0"
  resolved "https://registry.yarnpkg.com/hex-color-regex/-/hex-color-regex-1.1.0.tgz#4c06fccb4602fe2602b3c93df82d7e7dbf1a8a8e"
  integrity sha512-l9sfDFsuqtOqKDsQdqrMRk0U85RZc0RtOR9yPI7mRVOa4FsR/BVnZ0shmQRM96Ji99kYZP/7hn1cedc1+ApsTQ==

hex2rgb@^2.2.0:
  version "2.2.0"
  resolved "https://registry.yarnpkg.com/hex2rgb/-/hex2rgb-2.2.0.tgz#dbae1d6bf9b22c7907d017a3e6b98608eba0b6fc"
  integrity sha1-264da/myLHkH0Bej5rmGCOugtvw=

rgb-regex@^1.0.1:
  version "1.0.1"
  resolved "https://registry.yarnpkg.com/rgb-regex/-/rgb-regex-1.0.1.tgz#c0e0d6882df0e23be254a475e8edd41915feaeb1"
  integrity sha1-wODWiC3w4jviVKR16O3UGRX+rrE=

rgb2hex@^0.2.5:
  version "0.2.5"
  resolved "https://registry.yarnpkg.com/rgb2hex/-/rgb2hex-0.2.5.tgz#f82230cd3ab1364fa73c99be3a691ed688f8dbdc"
  integrity sha512-22MOP1Rh7sAo1BZpDG6R5RFYzR2lYEgwq7HEmyW2qcsOqR2lQKmn+O//xV3YG/0rrhMC6KVX2hU+ZXuaw9a5bw==

rgba-regex@^1.0.0:
  version "1.0.0"
  resolved "https://registry.yarnpkg.com/rgba-regex/-/rgba-regex-1.0.0.tgz#43374e2e2ca0968b0ef1523460b7d730ff22eeb3"
  integrity sha1-QzdOLiyglosO8VI0YLfXMP8i7rM=
